
Microsoft Visual Studio Solution File, Format Version 12.00
# Visual Studio Version 16
VisualStudioVersion = 16.0.31624.102
MinimumVisualStudioVersion = 10.0.40219.1
Project("{FAE04EC0-301F-11D3-BF4B-00C04F79EFBC}") = "Prototipo", "Prototipo.csproj", "{B3FDABDE-AEB2-4DBE-A02B-8A0A6798297B}"
EndProject
Global
	GlobalSection(SolutionConfigurationPlatforms) = preSolution
		Debug|Any CPU = Debug|Any CPU
		Release|Any CPU = Release|Any CPU
	EndGlobalSection
	GlobalSection(ProjectConfigurationPlatforms) = postSolution
		{B3FDABDE-AEB2-4DBE-A02B-8A0A6798297B}.Debug|Any CPU.ActiveCfg = Debug|Any CPU
		{B3FDABDE-AEB2-4DBE-A02B-8A0A6798297B}.Debug|Any CPU.Build.0 = Debug|Any CPU
		{B3FDABDE-AEB2-4DBE-A02B-8A0A6798297B}.Release|Any CPU.ActiveCfg = Release|Any CPU
		{B3FDABDE-AEB2-4DBE-A02B-8A0A6798297B}.Release|Any CPU.Build.0 = Release|Any CPU
	EndGlobalSection
	GlobalSection(SolutionProperties) = preSolution
		HideSolutionNode = FALSE
	EndGlobalSection
	GlobalSection(ExtensibilityGlobals) = postSolution
		SolutionGuid = {2860DEA7-39CB-446C-8C24-B56953B28F6F}
	EndGlobalSection
EndGlobal
